# Code generated by scarb DO NOT EDIT.
version = 1

[[package]]
name = "integer_types_test"
version = "0.1.0"
dependencies = [
 "snforge_std",
]

[[package]]
name = "snforge_scarb_plugin"
version = "0.45.0"
source = "registry+https://scarbs.xyz/"
checksum = "sha256:568482e8c40e7018d9ea729d6df3d5ec22b665cfff1e89181d8ad31bacca11cc"

[[package]]
name = "snforge_std"
version = "0.45.0"
source = "registry+https://scarbs.xyz/"
checksum = "sha256:c08b359c266e45c4e71b71baa3c4af8dae7fc5416fc8168f0983e5c9a2ac0abe"
dependencies = [
 "snforge_scarb_plugin",
]
